
Microsoft Visual Studio Solution File, Format Version 12.00
# Visual Studio 14
VisualStudioVersion = 14.0.25420.1
MinimumVisualStudioVersion = 10.0.40219.1
Project("{FAE04EC0-301F-11D3-BF4B-00C04F79EFBC}") = "playground", "playground\playground.csproj", "{211F5D2C-5AC1-46AC-ABCF-123BAC21A10F}"
EndProject
Project("{FAE04EC0-301F-11D3-BF4B-00C04F79EFBC}") = "playground.Tests", "playground.Tests\playground.Tests.csproj", "{1731A239-F299-49B8-940D-A22B7E7936F1}"
EndProject
Global
	GlobalSection(SolutionConfigurationPlatforms) = preSolution
		Debug|Any CPU = Debug|Any CPU
		Release|Any CPU = Release|Any CPU
	EndGlobalSection
	GlobalSection(ProjectConfigurationPlatforms) = postSolution
		{211F5D2C-5AC1-46AC-ABCF-123BAC21A10F}.Debug|Any CPU.ActiveCfg = Debug|Any CPU
		{211F5D2C-5AC1-46AC-ABCF-123BAC21A10F}.Debug|Any CPU.Build.0 = Debug|Any CPU
		{211F5D2C-5AC1-46AC-ABCF-123BAC21A10F}.Release|Any CPU.ActiveCfg = Release|Any CPU
		{211F5D2C-5AC1-46AC-ABCF-123BAC21A10F}.Release|Any CPU.Build.0 = Release|Any CPU
		{1731A239-F299-49B8-940D-A22B7E7936F1}.Debug|Any CPU.ActiveCfg = Debug|Any CPU
		{1731A239-F299-49B8-940D-A22B7E7936F1}.Debug|Any CPU.Build.0 = Debug|Any CPU
		{1731A239-F299-49B8-940D-A22B7E7936F1}.Release|Any CPU.ActiveCfg = Release|Any CPU
		{1731A239-F299-49B8-940D-A22B7E7936F1}.Release|Any CPU.Build.0 = Release|Any CPU
	EndGlobalSection
	GlobalSection(SolutionProperties) = preSolution
		HideSolutionNode = FALSE
	EndGlobalSection
EndGlobal
